<?xml version="1.0" encoding="UTF-8" standalone="yes" ?>
<CodeBlocks_project_file>
	<FileVersion major="1" minor="6" />
	<Project>
		<Option title="neogeo_68k" />
		<Option makefile_is_custom="1" />
		<Option execution_dir="/home/gbacretin/Projects/neogeo/" />
		<Option pch_mode="2" />
		<Option compiler="null" />
		<Build>
			<Target title="mame">
				<Option output="neogeo_68k" prefix_auto="1" extension_auto="1" />
				<Option object_output="/home/gbacretin/Projects/neogeo/68k/.objs" />
				<Option type="1" />
				<Option compiler="gcc" />
				<MakeCommands>
					<Build command="$make -f $makefile $target" />
					<CompileFile command="$make-f $makefile $file" />
					<Clean command="$make -f $makefile clean$target" />
					<DistClean command="$make -f $makefile distclean$target" />
					<AskRebuildNeeded command="$make -q -f $makefile $target" />
					<SilentBuild command="$make -f $makefile $target &gt; $(CMD_NULL)" />
				</MakeCommands>
			</Target>
		</Build>
		<Unit filename="Makefile" />
		<Unit filename="main.c">
			<Option compilerVar="CC" />
		</Unit>
		<Unit filename="neogeo/neogeo.h" />
		<Unit filename="neogeo/neogeo_bios.c">
			<Option compilerVar="CC" />
		</Unit>
		<Unit filename="neogeo/neogeo_bios.h" />
		<Unit filename="neogeo/neogeo_defines.h" />
		<Unit filename="neogeo/neogeo_input.h" />
		<Unit filename="vblank.c">
			<Option compilerVar="CC" />
		</Unit>
		<Unit filename="vblank.h" />
		<Unit filename="z80.c">
			<Option compilerVar="CC" />
		</Unit>
		<Unit filename="z80.h" />
		<Extensions>
			<lib_finder disable_auto="1" />
		</Extensions>
	</Project>
</CodeBlocks_project_file>
